// !$*UTF8*$!
{
	archiveVersion = 1;
	classes = {
	};
	objectVersion = 56;
	objects = {

/* Begin PBXBuildFile section */
		ADB901B8B32050F86DAAF5AE /* Pods_____Tests.framework in Frameworks */ = {isa = PBXBuildFile; fileRef = 6F666645F1DB6BEA0F327963 /* Pods_____Tests.framework */; };
		BF09C01D2A18709E00063A41 /* shouye.png in Resources */ = {isa = PBXBuildFile; fileRef = BF09C01C2A18709E00063A41 /* shouye.png */; };
		BF09C01F2A1870A600063A41 /* wo.png in Resources */ = {isa = PBXBuildFile; fileRef = BF09C01E2A1870A600063A41 /* wo.png */; };
		BF0A86962A0A6CDC00FD4EB2 /* AppDelegate.m in Sources */ = {isa = PBXBuildFile; fileRef = BF0A86952A0A6CDC00FD4EB2 /* AppDelegate.m */; };
		BF0A86992A0A6CDC00FD4EB2 /* SceneDelegate.m in Sources */ = {isa = PBXBuildFile; fileRef = BF0A86982A0A6CDC00FD4EB2 /* SceneDelegate.m */; };
		BF0A869C2A0A6CDC00FD4EB2 /* ViewController.m in Sources */ = {isa = PBXBuildFile; fileRef = BF0A869B2A0A6CDC00FD4EB2 /* ViewController.m */; };
		BF0A869F2A0A6CDC00FD4EB2 /* Main.storyboard in Resources */ = {isa = PBXBuildFile; fileRef = BF0A869D2A0A6CDC00FD4EB2 /* Main.storyboard */; };
		BF0A86A12A0A6CDD00FD4EB2 /* Assets.xcassets in Resources */ = {isa = PBXBuildFile; fileRef = BF0A86A02A0A6CDD00FD4EB2 /* Assets.xcassets */; };
		BF0A86A42A0A6CDD00FD4EB2 /* LaunchScreen.storyboard in Resources */ = {isa = PBXBuildFile; fileRef = BF0A86A22A0A6CDD00FD4EB2 /* LaunchScreen.storyboard */; };
		BF0A86A72A0A6CDD00FD4EB2 /* main.m in Sources */ = {isa = PBXBuildFile; fileRef = BF0A86A62A0A6CDD00FD4EB2 /* main.m */; };
		BF0A86B12A0A6CDD00FD4EB2 /* ____Tests.m in Sources */ = {isa = PBXBuildFile; fileRef = BF0A86B02A0A6CDD00FD4EB2 /* ____Tests.m */; };
		BF0A86BB2A0A6CDD00FD4EB2 /* ____UITests.m in Sources */ = {isa = PBXBuildFile; fileRef = BF0A86BA2A0A6CDD00FD4EB2 /* ____UITests.m */; };
		BF0A86BD2A0A6CDD00FD4EB2 /* ____UITestsLaunchTests.m in Sources */ = {isa = PBXBuildFile; fileRef = BF0A86BC2A0A6CDD00FD4EB2 /* ____UITestsLaunchTests.m */; };
		BF0A86E02A0A9E4B00FD4EB2 /* rootViewController.m in Sources */ = {isa = PBXBuildFile; fileRef = BF0A86DF2A0A9E4B00FD4EB2 /* rootViewController.m */; };
		BF0A86E62A0AB74800FD4EB2 /* ScrollableWithTitleViewController.m in Sources */ = {isa = PBXBuildFile; fileRef = BF0A86E52A0AB74800FD4EB2 /* ScrollableWithTitleViewController.m */; };
		BF0A86E92A0AB78200FD4EB2 /* CostomScrollView.m in Sources */ = {isa = PBXBuildFile; fileRef = BF0A86E82A0AB78200FD4EB2 /* CostomScrollView.m */; };
		BF4FA40A2A0CB684007098E1 /* AccessToken.m in Sources */ = {isa = PBXBuildFile; fileRef = BF4FA4092A0CB684007098E1 /* AccessToken.m */; };
		BF4FA4112A0D11DE007098E1 /* WeiboAPIManager.m in Sources */ = {isa = PBXBuildFile; fileRef = BF4FA4102A0D11DE007098E1 /* WeiboAPIManager.m */; };
		BF4FA4142A0D13A4007098E1 /* testviewcontroller.m in Sources */ = {isa = PBXBuildFile; fileRef = BF4FA4132A0D13A4007098E1 /* testviewcontroller.m */; };
		BF4FA41A2A0D24DB007098E1 /* WeiboOAuthViewController.m in Sources */ = {isa = PBXBuildFile; fileRef = BF4FA4192A0D24DB007098E1 /* WeiboOAuthViewController.m */; };
		BF4FA4262A0D43E8007098E1 /* ImageLoader.m in Sources */ = {isa = PBXBuildFile; fileRef = BF4FA4252A0D43E8007098E1 /* ImageLoader.m */; };
		BF4FA4292A0D4BAE007098E1 /* WeiboHomePageManager.m in Sources */ = {isa = PBXBuildFile; fileRef = BF4FA4282A0D4BAE007098E1 /* WeiboHomePageManager.m */; };
		BF4FA42C2A0D55A5007098E1 /* HomePageTableViewController.m in Sources */ = {isa = PBXBuildFile; fileRef = BF4FA42B2A0D55A5007098E1 /* HomePageTableViewController.m */; };
		BF54C0FD2A1780650010FE24 /* dianzan_kuai.png in Resources */ = {isa = PBXBuildFile; fileRef = BF54C0FC2A1780650010FE24 /* dianzan_kuai.png */; };
		BFA3B5B82A120F3F008E23E4 /* MyWeiboViewController.m in Sources */ = {isa = PBXBuildFile; fileRef = BFA3B5B72A120F3F008E23E4 /* MyWeiboViewController.m */; };
		BFA3B5BB2A120F88008E23E4 /* MyWeiboViewManager.m in Sources */ = {isa = PBXBuildFile; fileRef = BFA3B5BA2A120F88008E23E4 /* MyWeiboViewManager.m */; };
		BFA3B5BD2A12A93F008E23E4 /* loading-icon.jpg in Resources */ = {isa = PBXBuildFile; fileRef = BFA3B5BC2A12A93F008E23E4 /* loading-icon.jpg */; };
		BFA3B5C02A13A66E008E23E4 /* HistoryManager.m in Sources */ = {isa = PBXBuildFile; fileRef = BFA3B5BF2A13A66E008E23E4 /* HistoryManager.m */; };
		BFA3B5C52A13FFB9008E23E4 /* lishijilu.png in Resources */ = {isa = PBXBuildFile; fileRef = BFA3B5C12A13FFB9008E23E4 /* lishijilu.png */; };
		BFA3B5C62A13FFB9008E23E4 /* tupian.png in Resources */ = {isa = PBXBuildFile; fileRef = BFA3B5C22A13FFB9008E23E4 /* tupian.png */; };
		BFA3B5C72A13FFB9008E23E4 /* qianbao.png in Resources */ = {isa = PBXBuildFile; fileRef = BFA3B5C32A13FFB9008E23E4 /* qianbao.png */; };
		BFA3B5C82A13FFB9008E23E4 /* shoucang.png in Resources */ = {isa = PBXBuildFile; fileRef = BFA3B5C42A13FFB9008E23E4 /* shoucang.png */; };
		BFA3B5CA2A1463C8008E23E4 /* dianzan-2.png in Resources */ = {isa = PBXBuildFile; fileRef = BFA3B5C92A1463C7008E23E4 /* dianzan-2.png */; };
		BFA3B5CD2A1465DB008E23E4 /* ShoucangManager.m in Sources */ = {isa = PBXBuildFile; fileRef = BFA3B5CC2A1465DB008E23E4 /* ShoucangManager.m */; };
		BFA3B5D02A146DEF008E23E4 /* HistoryTableViewController.m in Sources */ = {isa = PBXBuildFile; fileRef = BFA3B5CF2A146DEF008E23E4 /* HistoryTableViewController.m */; };
		BFA3B5D32A146E03008E23E4 /* ShoucangTableViewController.m in Sources */ = {isa = PBXBuildFile; fileRef = BFA3B5D22A146E03008E23E4 /* ShoucangTableViewController.m */; };
		BFA3B5D92A1517FA008E23E4 /* WeiboDetailViewController.m in Sources */ = {isa = PBXBuildFile; fileRef = BFA3B5D82A1517FA008E23E4 /* WeiboDetailViewController.m */; };
		BFA3B5DC2A152219008E23E4 /* WeiboDetailViewManager.m in Sources */ = {isa = PBXBuildFile; fileRef = BFA3B5DB2A152219008E23E4 /* WeiboDetailViewManager.m */; };
		BFB053532A0DE01D00AC5DA1 /* HomePageTableViewCell.m in Sources */ = {isa = PBXBuildFile; fileRef = BFB053522A0DE01D00AC5DA1 /* HomePageTableViewCell.m */; };
		BFE880112A0F70EB000676EF /* WeiboSender.m in Sources */ = {isa = PBXBuildFile; fileRef = BFE880102A0F70EB000676EF /* WeiboSender.m */; };
		BFE880152A0F7C6C000676EF /* weiboSenderViewController.m in Sources */ = {isa = PBXBuildFile; fileRef = BFE880142A0F7C6C000676EF /* weiboSenderViewController.m */; };
		BFE880182A0FBB58000676EF /* CostomScrollViewBar.m in Sources */ = {isa = PBXBuildFile; fileRef = BFE880172A0FBB58000676EF /* CostomScrollViewBar.m */; };
		BFE8801A2A0FE17F000676EF /* jiahao.png in Resources */ = {isa = PBXBuildFile; fileRef = BFE880192A0FE17F000676EF /* jiahao.png */; };
		BFE8801D2A0FE41A000676EF /* jiahao-2.png in Resources */ = {isa = PBXBuildFile; fileRef = BFE8801C2A0FE41A000676EF /* jiahao-2.png */; };
		BFE880202A101139000676EF /* WeiboWebViewController.m in Sources */ = {isa = PBXBuildFile; fileRef = BFE8801F2A101139000676EF /* WeiboWebViewController.m */; };
		ECB4EFA37EC5A965A7F677FC /* Pods_____.framework in Frameworks */ = {isa = PBXBuildFile; fileRef = 97002FF4EE4CC3305AB4BD2B /* Pods_____.framework */; };
		EF01C9D27DC7B438D8DC8727 /* Pods__________UITests.framework in Frameworks */ = {isa = PBXBuildFile; fileRef = 8EF6BFCBBE412D9258940228 /* Pods__________UITests.framework */; };
/* End PBXBuildFile section */

/* Begin PBXContainerItemProxy section */
		BF0A86AD2A0A6CDD00FD4EB2 /* PBXContainerItemProxy */ = {
			isa = PBXContainerItemProxy;
			containerPortal = BF0A86892A0A6CDC00FD4EB2 /* Project object */;
			proxyType = 1;
			remoteGlobalIDString = BF0A86902A0A6CDC00FD4EB2;
			remoteInfo = "迷你微博";
		};
		BF0A86B72A0A6CDD00FD4EB2 /* PBXContainerItemProxy */ = {
			isa = PBXContainerItemProxy;
			containerPortal = BF0A86892A0A6CDC00FD4EB2 /* Project object */;
			proxyType = 1;
			remoteGlobalIDString = BF0A86902A0A6CDC00FD4EB2;
			remoteInfo = "迷你微博";
		};
/* End PBXContainerItemProxy section */

/* Begin PBXFileReference section */
		497EEC9BD65C7CA1446C8B64 /* Pods-迷你微博-迷你微博UITests.debug.xcconfig */ = {isa = PBXFileReference; includeInIndex = 1; lastKnownFileType = text.xcconfig; name = "Pods-迷你微博-迷你微博UITests.debug.xcconfig"; path = "Target Support Files/Pods-迷你微博-迷你微博UITests/Pods-迷你微博-迷你微博UITests.debug.xcconfig"; sourceTree = "<group>"; };
		5945BF52B4F422C41285D9E5 /* Pods-迷你微博-迷你微博UITests.release.xcconfig */ = {isa = PBXFileReference; includeInIndex = 1; lastKnownFileType = text.xcconfig; name = "Pods-迷你微博-迷你微博UITests.release.xcconfig"; path = "Target Support Files/Pods-迷你微博-迷你微博UITests/Pods-迷你微博-迷你微博UITests.release.xcconfig"; sourceTree = "<group>"; };
		6CE944641A58D0BB5D9CA853 /* Pods-迷你微博Tests.debug.xcconfig */ = {isa = PBXFileReference; includeInIndex = 1; lastKnownFileType = text.xcconfig; name = "Pods-迷你微博Tests.debug.xcconfig"; path = "Target Support Files/Pods-迷你微博Tests/Pods-迷你微博Tests.debug.xcconfig"; sourceTree = "<group>"; };
		6F23E3DB2FD30AF5113AC548 /* Pods-迷你微博.debug.xcconfig */ = {isa = PBXFileReference; includeInIndex = 1; lastKnownFileType = text.xcconfig; name = "Pods-迷你微博.debug.xcconfig"; path = "Target Support Files/Pods-迷你微博/Pods-迷你微博.debug.xcconfig"; sourceTree = "<group>"; };
		6F666645F1DB6BEA0F327963 /* Pods_____Tests.framework */ = {isa = PBXFileReference; explicitFileType = wrapper.framework; includeInIndex = 0; path = Pods_____Tests.framework; sourceTree = BUILT_PRODUCTS_DIR; };
		8EF6BFCBBE412D9258940228 /* Pods__________UITests.framework */ = {isa = PBXFileReference; explicitFileType = wrapper.framework; includeInIndex = 0; path = Pods__________UITests.framework; sourceTree = BUILT_PRODUCTS_DIR; };
		97002FF4EE4CC3305AB4BD2B /* Pods_____.framework */ = {isa = PBXFileReference; explicitFileType = wrapper.framework; includeInIndex = 0; path = Pods_____.framework; sourceTree = BUILT_PRODUCTS_DIR; };
		BF09C01C2A18709E00063A41 /* shouye.png */ = {isa = PBXFileReference; lastKnownFileType = image.png; path = shouye.png; sourceTree = "<group>"; };
		BF09C01E2A1870A600063A41 /* wo.png */ = {isa = PBXFileReference; lastKnownFileType = image.png; path = wo.png; sourceTree = "<group>"; };
		BF0A86912A0A6CDC00FD4EB2 /* 迷你微博.app */ = {isa = PBXFileReference; explicitFileType = wrapper.application; includeInIndex = 0; path = "迷你微博.app"; sourceTree = BUILT_PRODUCTS_DIR; };
		BF0A86942A0A6CDC00FD4EB2 /* AppDelegate.h */ = {isa = PBXFileReference; lastKnownFileType = sourcecode.c.h; path = AppDelegate.h; sourceTree = "<group>"; };
		BF0A86952A0A6CDC00FD4EB2 /* AppDelegate.m */ = {isa = PBXFileReference; lastKnownFileType = sourcecode.c.objc; path = AppDelegate.m; sourceTree = "<group>"; };
		BF0A86972A0A6CDC00FD4EB2 /* SceneDelegate.h */ = {isa = PBXFileReference; lastKnownFileType = sourcecode.c.h; path = SceneDelegate.h; sourceTree = "<group>"; };
		BF0A86982A0A6CDC00FD4EB2 /* SceneDelegate.m */ = {isa = PBXFileReference; lastKnownFileType = sourcecode.c.objc; path = SceneDelegate.m; sourceTree = "<group>"; };
		BF0A869A2A0A6CDC00FD4EB2 /* ViewController.h */ = {isa = PBXFileReference; lastKnownFileType = sourcecode.c.h; path = ViewController.h; sourceTree = "<group>"; };
		BF0A869B2A0A6CDC00FD4EB2 /* ViewController.m */ = {isa = PBXFileReference; lastKnownFileType = sourcecode.c.objc; path = ViewController.m; sourceTree = "<group>"; };
		BF0A869E2A0A6CDC00FD4EB2 /* Base */ = {isa = PBXFileReference; lastKnownFileType = file.storyboard; name = Base; path = Base.lproj/Main.storyboard; sourceTree = "<group>"; };
		BF0A86A02A0A6CDD00FD4EB2 /* Assets.xcassets */ = {isa = PBXFileReference; lastKnownFileType = folder.assetcatalog; path = Assets.xcassets; sourceTree = "<group>"; };
		BF0A86A32A0A6CDD00FD4EB2 /* Base */ = {isa = PBXFileReference; lastKnownFileType = file.storyboard; name = Base; path = Base.lproj/LaunchScreen.storyboard; sourceTree = "<group>"; };
		BF0A86A52A0A6CDD00FD4EB2 /* Info.plist */ = {isa = PBXFileReference; lastKnownFileType = text.plist.xml; path = Info.plist; sourceTree = "<group>"; };
		BF0A86A62A0A6CDD00FD4EB2 /* main.m */ = {isa = PBXFileReference; lastKnownFileType = sourcecode.c.objc; path = main.m; sourceTree = "<group>"; };
		BF0A86AC2A0A6CDD00FD4EB2 /* 迷你微博Tests.xctest */ = {isa = PBXFileReference; explicitFileType = wrapper.cfbundle; includeInIndex = 0; path = "迷你微博Tests.xctest"; sourceTree = BUILT_PRODUCTS_DIR; };
		BF0A86B02A0A6CDD00FD4EB2 /* ____Tests.m */ = {isa = PBXFileReference; lastKnownFileType = sourcecode.c.objc; path = "____Tests.m"; sourceTree = "<group>"; };
		BF0A86B62A0A6CDD00FD4EB2 /* 迷你微博UITests.xctest */ = {isa = PBXFileReference; explicitFileType = wrapper.cfbundle; includeInIndex = 0; path = "迷你微博UITests.xctest"; sourceTree = BUILT_PRODUCTS_DIR; };
		BF0A86BA2A0A6CDD00FD4EB2 /* ____UITests.m */ = {isa = PBXFileReference; lastKnownFileType = sourcecode.c.objc; path = "____UITests.m"; sourceTree = "<group>"; };
		BF0A86BC2A0A6CDD00FD4EB2 /* ____UITestsLaunchTests.m */ = {isa = PBXFileReference; lastKnownFileType = sourcecode.c.objc; path = "____UITestsLaunchTests.m"; sourceTree = "<group>"; };
		BF0A86DE2A0A9E4B00FD4EB2 /* rootViewController.h */ = {isa = PBXFileReference; lastKnownFileType = sourcecode.c.h; path = rootViewController.h; sourceTree = "<group>"; };
		BF0A86DF2A0A9E4B00FD4EB2 /* rootViewController.m */ = {isa = PBXFileReference; lastKnownFileType = sourcecode.c.objc; path = rootViewController.m; sourceTree = "<group>"; };
		BF0A86E42A0AB74800FD4EB2 /* ScrollableWithTitleViewController.h */ = {isa = PBXFileReference; lastKnownFileType = sourcecode.c.h; path = ScrollableWithTitleViewController.h; sourceTree = "<group>"; };
		BF0A86E52A0AB74800FD4EB2 /* ScrollableWithTitleViewController.m */ = {isa = PBXFileReference; lastKnownFileType = sourcecode.c.objc; path = ScrollableWithTitleViewController.m; sourceTree = "<group>"; };
		BF0A86E72A0AB78200FD4EB2 /* CostomScrollView.h */ = {isa = PBXFileReference; lastKnownFileType = sourcecode.c.h; path = CostomScrollView.h; sourceTree = "<group>"; };
		BF0A86E82A0AB78200FD4EB2 /* CostomScrollView.m */ = {isa = PBXFileReference; lastKnownFileType = sourcecode.c.objc; path = CostomScrollView.m; sourceTree = "<group>"; };
		BF4FA4082A0CB684007098E1 /* AccessToken.h */ = {isa = PBXFileReference; lastKnownFileType = sourcecode.c.h; path = AccessToken.h; sourceTree = "<group>"; };
		BF4FA4092A0CB684007098E1 /* AccessToken.m */ = {isa = PBXFileReference; lastKnownFileType = sourcecode.c.objc; path = AccessToken.m; sourceTree = "<group>"; };
		BF4FA40F2A0D11DE007098E1 /* WeiboAPIManager.h */ = {isa = PBXFileReference; lastKnownFileType = sourcecode.c.h; path = WeiboAPIManager.h; sourceTree = "<group>"; };
		BF4FA4102A0D11DE007098E1 /* WeiboAPIManager.m */ = {isa = PBXFileReference; lastKnownFileType = sourcecode.c.objc; path = WeiboAPIManager.m; sourceTree = "<group>"; };
		BF4FA4122A0D13A4007098E1 /* testviewcontroller.h */ = {isa = PBXFileReference; lastKnownFileType = sourcecode.c.h; path = testviewcontroller.h; sourceTree = "<group>"; };
		BF4FA4132A0D13A4007098E1 /* testviewcontroller.m */ = {isa = PBXFileReference; lastKnownFileType = sourcecode.c.objc; path = testviewcontroller.m; sourceTree = "<group>"; };
		BF4FA4182A0D24DB007098E1 /* WeiboOAuthViewController.h */ = {isa = PBXFileReference; lastKnownFileType = sourcecode.c.h; path = WeiboOAuthViewController.h; sourceTree = "<group>"; };
		BF4FA4192A0D24DB007098E1 /* WeiboOAuthViewController.m */ = {isa = PBXFileReference; lastKnownFileType = sourcecode.c.objc; path = WeiboOAuthViewController.m; sourceTree = "<group>"; };
		BF4FA4242A0D43E8007098E1 /* ImageLoader.h */ = {isa = PBXFileReference; lastKnownFileType = sourcecode.c.h; path = ImageLoader.h; sourceTree = "<group>"; };
		BF4FA4252A0D43E8007098E1 /* ImageLoader.m */ = {isa = PBXFileReference; lastKnownFileType = sourcecode.c.objc; path = ImageLoader.m; sourceTree = "<group>"; };
		BF4FA4272A0D4BAE007098E1 /* WeiboHomePageManager.h */ = {isa = PBXFileReference; lastKnownFileType = sourcecode.c.h; path = WeiboHomePageManager.h; sourceTree = "<group>"; };
		BF4FA4282A0D4BAE007098E1 /* WeiboHomePageManager.m */ = {isa = PBXFileReference; lastKnownFileType = sourcecode.c.objc; path = WeiboHomePageManager.m; sourceTree = "<group>"; };
		BF4FA42A2A0D55A5007098E1 /* HomePageTableViewController.h */ = {isa = PBXFileReference; lastKnownFileType = sourcecode.c.h; path = HomePageTableViewController.h; sourceTree = "<group>"; };
		BF4FA42B2A0D55A5007098E1 /* HomePageTableViewController.m */ = {isa = PBXFileReference; lastKnownFileType = sourcecode.c.objc; path = HomePageTableViewController.m; sourceTree = "<group>"; };
		BF54C0FC2A1780650010FE24 /* dianzan_kuai.png */ = {isa = PBXFileReference; lastKnownFileType = image.png; path = dianzan_kuai.png; sourceTree = "<group>"; };
		BFA3B5B62A120F3F008E23E4 /* MyWeiboViewController.h */ = {isa = PBXFileReference; lastKnownFileType = sourcecode.c.h; path = MyWeiboViewController.h; sourceTree = "<group>"; };
		BFA3B5B72A120F3F008E23E4 /* MyWeiboViewController.m */ = {isa = PBXFileReference; lastKnownFileType = sourcecode.c.objc; path = MyWeiboViewController.m; sourceTree = "<group>"; };
		BFA3B5B92A120F88008E23E4 /* MyWeiboViewManager.h */ = {isa = PBXFileReference; lastKnownFileType = sourcecode.c.h; path = MyWeiboViewManager.h; sourceTree = "<group>"; };
		BFA3B5BA2A120F88008E23E4 /* MyWeiboViewManager.m */ = {isa = PBXFileReference; lastKnownFileType = sourcecode.c.objc; path = MyWeiboViewManager.m; sourceTree = "<group>"; };
		BFA3B5BC2A12A93F008E23E4 /* loading-icon.jpg */ = {isa = PBXFileReference; lastKnownFileType = image.jpeg; path = "loading-icon.jpg"; sourceTree = "<group>"; };
		BFA3B5BE2A13A66E008E23E4 /* HistoryManager.h */ = {isa = PBXFileReference; lastKnownFileType = sourcecode.c.h; path = HistoryManager.h; sourceTree = "<group>"; };
		BFA3B5BF2A13A66E008E23E4 /* HistoryManager.m */ = {isa = PBXFileReference; lastKnownFileType = sourcecode.c.objc; path = HistoryManager.m; sourceTree = "<group>"; };
		BFA3B5C12A13FFB9008E23E4 /* lishijilu.png */ = {isa = PBXFileReference; lastKnownFileType = image.png; path = lishijilu.png; sourceTree = "<group>"; };
		BFA3B5C22A13FFB9008E23E4 /* tupian.png */ = {isa = PBXFileReference; lastKnownFileType = image.png; path = tupian.png; sourceTree = "<group>"; };
		BFA3B5C32A13FFB9008E23E4 /* qianbao.png */ = {isa = PBXFileReference; lastKnownFileType = image.png; path = qianbao.png; sourceTree = "<group>"; };
		BFA3B5C42A13FFB9008E23E4 /* shoucang.png */ = {isa = PBXFileReference; lastKnownFileType = image.png; path = shoucang.png; sourceTree = "<group>"; };
		BFA3B5C92A1463C7008E23E4 /* dianzan-2.png */ = {isa = PBXFileReference; lastKnownFileType = image.png; path = "dianzan-2.png"; sourceTree = "<group>"; };
		BFA3B5CB2A1465DB008E23E4 /* ShoucangManager.h */ = {isa = PBXFileReference; lastKnownFileType = sourcecode.c.h; path = ShoucangManager.h; sourceTree = "<group>"; };
		BFA3B5CC2A1465DB008E23E4 /* ShoucangManager.m */ = {isa = PBXFileReference; lastKnownFileType = sourcecode.c.objc; path = ShoucangManager.m; sourceTree = "<group>"; };
		BFA3B5CE2A146DEF008E23E4 /* HistoryTableViewController.h */ = {isa = PBXFileReference; lastKnownFileType = sourcecode.c.h; path = HistoryTableViewController.h; sourceTree = "<group>"; };
		BFA3B5CF2A146DEF008E23E4 /* HistoryTableViewController.m */ = {isa = PBXFileReference; lastKnownFileType = sourcecode.c.objc; path = HistoryTableViewController.m; sourceTree = "<group>"; };
		BFA3B5D12A146E03008E23E4 /* ShoucangTableViewController.h */ = {isa = PBXFileReference; lastKnownFileType = sourcecode.c.h; path = ShoucangTableViewController.h; sourceTree = "<group>"; };
		BFA3B5D22A146E03008E23E4 /* ShoucangTableViewController.m */ = {isa = PBXFileReference; lastKnownFileType = sourcecode.c.objc; path = ShoucangTableViewController.m; sourceTree = "<group>"; };
		BFA3B5D72A1517FA008E23E4 /* WeiboDetailViewController.h */ = {isa = PBXFileReference; lastKnownFileType = sourcecode.c.h; path = WeiboDetailViewController.h; sourceTree = "<group>"; };
		BFA3B5D82A1517FA008E23E4 /* WeiboDetailViewController.m */ = {isa = PBXFileReference; lastKnownFileType = sourcecode.c.objc; path = WeiboDetailViewController.m; sourceTree = "<group>"; };
		BFA3B5DA2A152219008E23E4 /* WeiboDetailViewManager.h */ = {isa = PBXFileReference; lastKnownFileType = sourcecode.c.h; path = WeiboDetailViewManager.h; sourceTree = "<group>"; };
		BFA3B5DB2A152219008E23E4 /* WeiboDetailViewManager.m */ = {isa = PBXFileReference; lastKnownFileType = sourcecode.c.objc; path = WeiboDetailViewManager.m; sourceTree = "<group>"; };
		BFB053512A0DE01D00AC5DA1 /* HomePageTableViewCell.h */ = {isa = PBXFileReference; lastKnownFileType = sourcecode.c.h; path = HomePageTableViewCell.h; sourceTree = "<group>"; };
		BFB053522A0DE01D00AC5DA1 /* HomePageTableViewCell.m */ = {isa = PBXFileReference; lastKnownFileType = sourcecode.c.objc; path = HomePageTableViewCell.m; sourceTree = "<group>"; };
		BFE8800F2A0F70EB000676EF /* WeiboSender.h */ = {isa = PBXFileReference; lastKnownFileType = sourcecode.c.h; path = WeiboSender.h; sourceTree = "<group>"; };
		BFE880102A0F70EB000676EF /* WeiboSender.m */ = {isa = PBXFileReference; lastKnownFileType = sourcecode.c.objc; path = WeiboSender.m; sourceTree = "<group>"; };
		BFE880132A0F7C6C000676EF /* weiboSenderViewController.h */ = {isa = PBXFileReference; lastKnownFileType = sourcecode.c.h; path = weiboSenderViewController.h; sourceTree = "<group>"; };
		BFE880142A0F7C6C000676EF /* weiboSenderViewController.m */ = {isa = PBXFileReference; lastKnownFileType = sourcecode.c.objc; path = weiboSenderViewController.m; sourceTree = "<group>"; };
		BFE880162A0FBB58000676EF /* CostomScrollViewBar.h */ = {isa = PBXFileReference; lastKnownFileType = sourcecode.c.h; path = CostomScrollViewBar.h; sourceTree = "<group>"; };
		BFE880172A0FBB58000676EF /* CostomScrollViewBar.m */ = {isa = PBXFileReference; lastKnownFileType = sourcecode.c.objc; path = CostomScrollViewBar.m; sourceTree = "<group>"; };
		BFE880192A0FE17F000676EF /* jiahao.png */ = {isa = PBXFileReference; lastKnownFileType = image.png; path = jiahao.png; sourceTree = "<group>"; };
		BFE8801C2A0FE41A000676EF /* jiahao-2.png */ = {isa = PBXFileReference; lastKnownFileType = image.png; path = "jiahao-2.png"; sourceTree = "<group>"; };
		BFE8801E2A101139000676EF /* WeiboWebViewController.h */ = {isa = PBXFileReference; lastKnownFileType = sourcecode.c.h; path = WeiboWebViewController.h; sourceTree = "<group>"; };
		BFE8801F2A101139000676EF /* WeiboWebViewController.m */ = {isa = PBXFileReference; lastKnownFileType = sourcecode.c.objc; path = WeiboWebViewController.m; sourceTree = "<group>"; };
		CD28CC2C3889428B9F761C43 /* Pods-迷你微博Tests.release.xcconfig */ = {isa = PBXFileReference; includeInIndex = 1; lastKnownFileType = text.xcconfig; name = "Pods-迷你微博Tests.release.xcconfig"; path = "Target Support Files/Pods-迷你微博Tests/Pods-迷你微博Tests.release.xcconfig"; sourceTree = "<group>"; };
		D87E97026811E45AF5DBD3A7 /* Pods-迷你微博.release.xcconfig */ = {isa = PBXFileReference; includeInIndex = 1; lastKnownFileType = text.xcconfig; name = "Pods-迷你微博.release.xcconfig"; path = "Target Support Files/Pods-迷你微博/Pods-迷你微博.release.xcconfig"; sourceTree = "<group>"; };
/* End PBXFileReference section */

/* Begin PBXFrameworksBuildPhase section */
		BF0A868E2A0A6CDC00FD4EB2 /* Frameworks */ = {
			isa = PBXFrameworksBuildPhase;
			buildActionMask = 2147483647;
			files = (
				ECB4EFA37EC5A965A7F677FC /* Pods_____.framework in Frameworks */,
			);
			runOnlyForDeploymentPostprocessing = 0;
		};
		BF0A86A92A0A6CDD00FD4EB2 /* Frameworks */ = {
			isa = PBXFrameworksBuildPhase;
			buildActionMask = 2147483647;
			files = (
				ADB901B8B32050F86DAAF5AE /* Pods_____Tests.framework in Frameworks */,
			);
			runOnlyForDeploymentPostprocessing = 0;
		};
		BF0A86B32A0A6CDD00FD4EB2 /* Frameworks */ = {
			isa = PBXFrameworksBuildPhase;
			buildActionMask = 2147483647;
			files = (
				EF01C9D27DC7B438D8DC8727 /* Pods__________UITests.framework in Frameworks */,
			);
			runOnlyForDeploymentPostprocessing = 0;
		};
/* End PBXFrameworksBuildPhase section */

/* Begin PBXGroup section */
		0D9A04710167084FE3E1B2C4 /* Frameworks */ = {
			isa = PBXGroup;
			children = (
				97002FF4EE4CC3305AB4BD2B /* Pods_____.framework */,
				8EF6BFCBBE412D9258940228 /* Pods__________UITests.framework */,
				6F666645F1DB6BEA0F327963 /* Pods_____Tests.framework */,
			);
			name = Frameworks;
			sourceTree = "<group>";
		};
		A2C36FDE1CAF358C1818DFAF /* Pods */ = {
			isa = PBXGroup;
			children = (
				6F23E3DB2FD30AF5113AC548 /* Pods-迷你微博.debug.xcconfig */,
				D87E97026811E45AF5DBD3A7 /* Pods-迷你微博.release.xcconfig */,
				497EEC9BD65C7CA1446C8B64 /* Pods-迷你微博-迷你微博UITests.debug.xcconfig */,
				5945BF52B4F422C41285D9E5 /* Pods-迷你微博-迷你微博UITests.release.xcconfig */,
				6CE944641A58D0BB5D9CA853 /* Pods-迷你微博Tests.debug.xcconfig */,
				CD28CC2C3889428B9F761C43 /* Pods-迷你微博Tests.release.xcconfig */,
			);
			name = Pods;
			path = Pods;
			sourceTree = "<group>";
		};
		BF09C01A2A17E4AB00063A41 /* 这些不怎么重要 */ = {
			isa = PBXGroup;
			children = (
				BF4FA4122A0D13A4007098E1 /* testviewcontroller.h */,
				BF4FA4132A0D13A4007098E1 /* testviewcontroller.m */,
				BFA3B5D72A1517FA008E23E4 /* WeiboDetailViewController.h */,
				BFA3B5D82A1517FA008E23E4 /* WeiboDetailViewController.m */,
			);
			path = "这些不怎么重要";
			sourceTree = "<group>";
		};
		BF09C01B2A17F1A500063A41 /* 这些不怎么重要 */ = {
			isa = PBXGroup;
			children = (
				BF4FA40F2A0D11DE007098E1 /* WeiboAPIManager.h */,
				BF4FA4102A0D11DE007098E1 /* WeiboAPIManager.m */,
				BFA3B5DA2A152219008E23E4 /* WeiboDetailViewManager.h */,
				BFA3B5DB2A152219008E23E4 /* WeiboDetailViewManager.m */,
			);
			path = "这些不怎么重要";
			sourceTree = "<group>";
		};
		BF0A86882A0A6CDC00FD4EB2 = {
			isa = PBXGroup;
			children = (
				BF0A86932A0A6CDC00FD4EB2 /* 迷你微博 */,
				BF0A86AF2A0A6CDD00FD4EB2 /* 迷你微博Tests */,
				BF0A86B92A0A6CDD00FD4EB2 /* 迷你微博UITests */,
				BF0A86922A0A6CDC00FD4EB2 /* Products */,
				A2C36FDE1CAF358C1818DFAF /* Pods */,
				0D9A04710167084FE3E1B2C4 /* Frameworks */,
			);
			sourceTree = "<group>";
		};
		BF0A86922A0A6CDC00FD4EB2 /* Products */ = {
			isa = PBXGroup;
			children = (
				BF0A86912A0A6CDC00FD4EB2 /* 迷你微博.app */,
				BF0A86AC2A0A6CDD00FD4EB2 /* 迷你微博Tests.xctest */,
				BF0A86B62A0A6CDD00FD4EB2 /* 迷你微博UITests.xctest */,
			);
			name = Products;
			sourceTree = "<group>";
		};
		BF0A86932A0A6CDC00FD4EB2 /* 迷你微博 */ = {
			isa = PBXGroup;
			children = (
				BFE8801B2A0FE18B000676EF /* icon */,
				BFE880122A0F70FC000676EF /* view */,
				BF0A86D82A0A71BF00FD4EB2 /* controller */,
				BF4FA4072A0CB669007098E1 /* model */,
				BF4FA40B2A0D0B78007098E1 /* constants */,
				BF0A86942A0A6CDC00FD4EB2 /* AppDelegate.h */,
				BF0A86952A0A6CDC00FD4EB2 /* AppDelegate.m */,
				BF0A86972A0A6CDC00FD4EB2 /* SceneDelegate.h */,
				BF0A86982A0A6CDC00FD4EB2 /* SceneDelegate.m */,
				BF0A869A2A0A6CDC00FD4EB2 /* ViewController.h */,
				BF0A869B2A0A6CDC00FD4EB2 /* ViewController.m */,
				BF0A869D2A0A6CDC00FD4EB2 /* Main.storyboard */,
				BF0A86A02A0A6CDD00FD4EB2 /* Assets.xcassets */,
				BF0A86A22A0A6CDD00FD4EB2 /* LaunchScreen.storyboard */,
				BF0A86A52A0A6CDD00FD4EB2 /* Info.plist */,
				BF0A86A62A0A6CDD00FD4EB2 /* main.m */,
			);
			path = "迷你微博";
			sourceTree = "<group>";
		};
		BF0A86AF2A0A6CDD00FD4EB2 /* 迷你微博Tests */ = {
			isa = PBXGroup;
			children = (
				BF0A86B02A0A6CDD00FD4EB2 /* ____Tests.m */,
			);
			path = "迷你微博Tests";
			sourceTree = "<group>";
		};
		BF0A86B92A0A6CDD00FD4EB2 /* 迷你微博UITests */ = {
			isa = PBXGroup;
			children = (
				BF0A86BA2A0A6CDD00FD4EB2 /* ____UITests.m */,
				BF0A86BC2A0A6CDD00FD4EB2 /* ____UITestsLaunchTests.m */,
			);
			path = "迷你微博UITests";
			sourceTree = "<group>";
		};
		BF0A86D82A0A71BF00FD4EB2 /* controller */ = {
			isa = PBXGroup;
			children = (
				BF4FA42A2A0D55A5007098E1 /* HomePageTableViewController.h */,
				BF4FA42B2A0D55A5007098E1 /* HomePageTableViewController.m */,
				BF0A86E42A0AB74800FD4EB2 /* ScrollableWithTitleViewController.h */,
				BF0A86E52A0AB74800FD4EB2 /* ScrollableWithTitleViewController.m */,
				BF4FA4182A0D24DB007098E1 /* WeiboOAuthViewController.h */,
				BF4FA4192A0D24DB007098E1 /* WeiboOAuthViewController.m */,
				BFE880132A0F7C6C000676EF /* weiboSenderViewController.h */,
				BFE880142A0F7C6C000676EF /* weiboSenderViewController.m */,
				BFE8801E2A101139000676EF /* WeiboWebViewController.h */,
				BFE8801F2A101139000676EF /* WeiboWebViewController.m */,
				BFA3B5B62A120F3F008E23E4 /* MyWeiboViewController.h */,
				BFA3B5B72A120F3F008E23E4 /* MyWeiboViewController.m */,
				BFA3B5CE2A146DEF008E23E4 /* HistoryTableViewController.h */,
				BFA3B5CF2A146DEF008E23E4 /* HistoryTableViewController.m */,
				BFA3B5D12A146E03008E23E4 /* ShoucangTableViewController.h */,
				BFA3B5D22A146E03008E23E4 /* ShoucangTableViewController.m */,
				BF0A86DE2A0A9E4B00FD4EB2 /* rootViewController.h */,
				BF0A86DF2A0A9E4B00FD4EB2 /* rootViewController.m */,
				BF09C01A2A17E4AB00063A41 /* 这些不怎么重要 */,
			);
			path = controller;
			sourceTree = "<group>";
		};
		BF4FA4072A0CB669007098E1 /* model */ = {
			isa = PBXGroup;
			children = (
				BFA3B5BE2A13A66E008E23E4 /* HistoryManager.h */,
				BFA3B5BF2A13A66E008E23E4 /* HistoryManager.m */,
				BFA3B5CB2A1465DB008E23E4 /* ShoucangManager.h */,
				BFA3B5CC2A1465DB008E23E4 /* ShoucangManager.m */,
				BFE8800F2A0F70EB000676EF /* WeiboSender.h */,
				BFE880102A0F70EB000676EF /* WeiboSender.m */,
				BF4FA4272A0D4BAE007098E1 /* WeiboHomePageManager.h */,
				BF4FA4282A0D4BAE007098E1 /* WeiboHomePageManager.m */,
				BFA3B5B92A120F88008E23E4 /* MyWeiboViewManager.h */,
				BFA3B5BA2A120F88008E23E4 /* MyWeiboViewManager.m */,
				BF4FA4242A0D43E8007098E1 /* ImageLoader.h */,
				BF4FA4252A0D43E8007098E1 /* ImageLoader.m */,
				BF09C01B2A17F1A500063A41 /* 这些不怎么重要 */,
			);
			path = model;
			sourceTree = "<group>";
		};
		BF4FA40B2A0D0B78007098E1 /* constants */ = {
			isa = PBXGroup;
			children = (
				BF4FA4082A0CB684007098E1 /* AccessToken.h */,
				BF4FA4092A0CB684007098E1 /* AccessToken.m */,
			);
			path = constants;
			sourceTree = "<group>";
		};
		BFE880122A0F70FC000676EF /* view */ = {
			isa = PBXGroup;
			children = (
				BFB053512A0DE01D00AC5DA1 /* HomePageTableViewCell.h */,
				BFB053522A0DE01D00AC5DA1 /* HomePageTableViewCell.m */,
				BFE880162A0FBB58000676EF /* CostomScrollViewBar.h */,
				BFE880172A0FBB58000676EF /* CostomScrollViewBar.m */,
				BF0A86E72A0AB78200FD4EB2 /* CostomScrollView.h */,
				BF0A86E82A0AB78200FD4EB2 /* CostomScrollView.m */,
			);
			path = view;
			sourceTree = "<group>";
		};
		BFE8801B2A0FE18B000676EF /* icon */ = {
			isa = PBXGroup;
			children = (
				BFA3B5C12A13FFB9008E23E4 /* lishijilu.png */,
				BFA3B5C32A13FFB9008E23E4 /* qianbao.png */,
				BF54C0FC2A1780650010FE24 /* dianzan_kuai.png */,
				BFA3B5C42A13FFB9008E23E4 /* shoucang.png */,
				BFA3B5C22A13FFB9008E23E4 /* tupian.png */,
				BFE8801C2A0FE41A000676EF /* jiahao-2.png */,
				BFA3B5BC2A12A93F008E23E4 /* loading-icon.jpg */,
				BFE880192A0FE17F000676EF /* jiahao.png */,
				BF09C01C2A18709E00063A41 /* shouye.png */,
				BF09C01E2A1870A600063A41 /* wo.png */,
				BFA3B5C92A1463C7008E23E4 /* dianzan-2.png */,
			);
			path = icon;
			sourceTree = "<group>";
		};
/* End PBXGroup section */

/* Begin PBXNativeTarget section */
		BF0A86902A0A6CDC00FD4EB2 /* 迷你微博 */ = {
			isa = PBXNativeTarget;
			buildConfigurationList = BF0A86C02A0A6CDD00FD4EB2 /* Build configuration list for PBXNativeTarget "迷你微博" */;
			buildPhases = (
				2301F4993263DCA7756E2703 /* [CP] Check Pods Manifest.lock */,
				BF0A868D2A0A6CDC00FD4EB2 /* Sources */,
				BF0A868E2A0A6CDC00FD4EB2 /* Frameworks */,
				BF0A868F2A0A6CDC00FD4EB2 /* Resources */,
				B6660697AB2C28EB49FFC097 /* [CP] Embed Pods Frameworks */,
			);
			buildRules = (
			);
			dependencies = (
			);
			name = "迷你微博";
			productName = "迷你微博";
			productReference = BF0A86912A0A6CDC00FD4EB2 /* 迷你微博.app */;
			productType = "com.apple.product-type.application";
		};
		BF0A86AB2A0A6CDD00FD4EB2 /* 迷你微博Tests */ = {
			isa = PBXNativeTarget;
			buildConfigurationList = BF0A86C32A0A6CDD00FD4EB2 /* Build configuration list for PBXNativeTarget "迷你微博Tests" */;
			buildPhases = (
				EB83C0F1E9A55F10FB1B905C /* [CP] Check Pods Manifest.lock */,
				BF0A86A82A0A6CDD00FD4EB2 /* Sources */,
				BF0A86A92A0A6CDD00FD4EB2 /* Frameworks */,
				BF0A86AA2A0A6CDD00FD4EB2 /* Resources */,
			);
			buildRules = (
			);
			dependencies = (
				BF0A86AE2A0A6CDD00FD4EB2 /* PBXTargetDependency */,
			);
			name = "迷你微博Tests";
			productName = "迷你微博Tests";
			productReference = BF0A86AC2A0A6CDD00FD4EB2 /* 迷你微博Tests.xctest */;
			productType = "com.apple.product-type.bundle.unit-test";
		};
		BF0A86B52A0A6CDD00FD4EB2 /* 迷你微博UITests */ = {
			isa = PBXNativeTarget;
			buildConfigurationList = BF0A86C62A0A6CDD00FD4EB2 /* Build configuration list for PBXNativeTarget "迷你微博UITests" */;
			buildPhases = (
				2CAC80189FB86AB2B70FE7AF /* [CP] Check Pods Manifest.lock */,
				BF0A86B22A0A6CDD00FD4EB2 /* Sources */,
				BF0A86B32A0A6CDD00FD4EB2 /* Frameworks */,
				BF0A86B42A0A6CDD00FD4EB2 /* Resources */,
				FB27069BDBD78BE405CFCD40 /* [CP] Embed Pods Frameworks */,
			);
			buildRules = (
			);
			dependencies = (
				BF0A86B82A0A6CDD00FD4EB2 /* PBXTargetDependency */,
			);
			name = "迷你微博UITests";
			productName = "迷你微博UITests";
			productReference = BF0A86B62A0A6CDD00FD4EB2 /* 迷你微博UITests.xctest */;
			productType = "com.apple.product-type.bundle.ui-testing";
		};
/* End PBXNativeTarget section */

/* Begin PBXProject section */
		BF0A86892A0A6CDC00FD4EB2 /* Project object */ = {
			isa = PBXProject;
			attributes = {
				BuildIndependentTargetsInParallel = 1;
				LastUpgradeCheck = 1420;
				TargetAttributes = {
					BF0A86902A0A6CDC00FD4EB2 = {
						CreatedOnToolsVersion = 14.2;
					};
					BF0A86AB2A0A6CDD00FD4EB2 = {
						CreatedOnToolsVersion = 14.2;
						TestTargetID = BF0A86902A0A6CDC00FD4EB2;
					};
					BF0A86B52A0A6CDD00FD4EB2 = {
						CreatedOnToolsVersion = 14.2;
						TestTargetID = BF0A86902A0A6CDC00FD4EB2;
					};
				};
			};
			buildConfigurationList = BF0A868C2A0A6CDC00FD4EB2 /* Build configuration list for PBXProject "迷你微博" */;
			compatibilityVersion = "Xcode 14.0";
			developmentRegion = en;
			hasScannedForEncodings = 0;
			knownRegions = (
				en,
				Base,
			);
			mainGroup = BF0A86882A0A6CDC00FD4EB2;
			productRefGroup = BF0A86922A0A6CDC00FD4EB2 /* Products */;
			projectDirPath = "";
			projectRoot = "";
			targets = (
				BF0A86902A0A6CDC00FD4EB2 /* 迷你微博 */,
				BF0A86AB2A0A6CDD00FD4EB2 /* 迷你微博Tests */,
				BF0A86B52A0A6CDD00FD4EB2 /* 迷你微博UITests */,
			);
		};
/* End PBXProject section */

/* Begin PBXResourcesBuildPhase section */
		BF0A868F2A0A6CDC00FD4EB2 /* Resources */ = {
			isa = PBXResourcesBuildPhase;
			buildActionMask = 2147483647;
			files = (
				BFE8801D2A0FE41A000676EF /* jiahao-2.png in Resources */,
				BF09C01F2A1870A600063A41 /* wo.png in Resources */,
				BF54C0FD2A1780650010FE24 /* dianzan_kuai.png in Resources */,
				BFA3B5C82A13FFB9008E23E4 /* shoucang.png in Resources */,
				BF09C01D2A18709E00063A41 /* shouye.png in Resources */,
				BF0A86A42A0A6CDD00FD4EB2 /* LaunchScreen.storyboard in Resources */,
				BFE8801A2A0FE17F000676EF /* jiahao.png in Resources */,
				BFA3B5BD2A12A93F008E23E4 /* loading-icon.jpg in Resources */,
				BF0A86A12A0A6CDD00FD4EB2 /* Assets.xcassets in Resources */,
				BFA3B5C52A13FFB9008E23E4 /* lishijilu.png in Resources */,
				BFA3B5C62A13FFB9008E23E4 /* tupian.png in Resources */,
				BFA3B5C72A13FFB9008E23E4 /* qianbao.png in Resources */,
				BFA3B5CA2A1463C8008E23E4 /* dianzan-2.png in Resources */,
				BF0A869F2A0A6CDC00FD4EB2 /* Main.storyboard in Resources */,
			);
			runOnlyForDeploymentPostprocessing = 0;
		};
		BF0A86AA2A0A6CDD00FD4EB2 /* Resources */ = {
			isa = PBXResourcesBuildPhase;
			buildActionMask = 2147483647;
			files = (
			);
			runOnlyForDeploymentPostprocessing = 0;
		};
		BF0A86B42A0A6CDD00FD4EB2 /* Resources */ = {
			isa = PBXResourcesBuildPhase;
			buildActionMask = 2147483647;
			files = (
			);
			runOnlyForDeploymentPostprocessing = 0;
		};
/* End PBXResourcesBuildPhase section */

/* Begin PBXShellScriptBuildPhase section */
		2301F4993263DCA7756E2703 /* [CP] Check Pods Manifest.lock */ = {
			isa = PBXShellScriptBuildPhase;
			buildActionMask = 2147483647;
			files = (
			);
			inputFileListPaths = (
			);
			inputPaths = (
				"${PODS_PODFILE_DIR_PATH}/Podfile.lock",
				"${PODS_ROOT}/Manifest.lock",
			);
			name = "[CP] Check Pods Manifest.lock";
			outputFileListPaths = (
			);
			outputPaths = (
				"$(DERIVED_FILE_DIR)/Pods-迷你微博-checkManifestLockResult.txt",
			);
			runOnlyForDeploymentPostprocessing = 0;
			shellPath = /bin/sh;
			shellScript = "diff \"${PODS_PODFILE_DIR_PATH}/Podfile.lock\" \"${PODS_ROOT}/Manifest.lock\" > /dev/null\nif [ $? != 0 ] ; then\n    # print error to STDERR\n    echo \"error: The sandbox is not in sync with the Podfile.lock. Run 'pod install' or update your CocoaPods installation.\" >&2\n    exit 1\nfi\n# This output is used by Xcode 'outputs' to avoid re-running this script phase.\necho \"SUCCESS\" > \"${SCRIPT_OUTPUT_FILE_0}\"\n";
			showEnvVarsInLog = 0;
		};
		2CAC80189FB86AB2B70FE7AF /* [CP] Check Pods Manifest.lock */ = {
			isa = PBXShellScriptBuildPhase;
			buildActionMask = 2147483647;
			files = (
			);
			inputFileListPaths = (
			);
			inputPaths = (
				"${PODS_PODFILE_DIR_PATH}/Podfile.lock",
				"${PODS_ROOT}/Manifest.lock",
			);
			name = "[CP] Check Pods Manifest.lock";
			outputFileListPaths = (
			);
			outputPaths = (
				"$(DERIVED_FILE_DIR)/Pods-迷你微博-迷你微博UITests-checkManifestLockResult.txt",
			);
			runOnlyForDeploymentPostprocessing = 0;
			shellPath = /bin/sh;
			shellScript = "diff \"${PODS_PODFILE_DIR_PATH}/Podfile.lock\" \"${PODS_ROOT}/Manifest.lock\" > /dev/null\nif [ $? != 0 ] ; then\n    # print error to STDERR\n    echo \"error: The sandbox is not in sync with the Podfile.lock. Run 'pod install' or update your CocoaPods installation.\" >&2\n    exit 1\nfi\n# This output is used by Xcode 'outputs' to avoid re-running this script phase.\necho \"SUCCESS\" > \"${SCRIPT_OUTPUT_FILE_0}\"\n";
			showEnvVarsInLog = 0;
		};
		B6660697AB2C28EB49FFC097 /* [CP] Embed Pods Frameworks */ = {
			isa = PBXShellScriptBuildPhase;
			buildActionMask = 2147483647;
			files = (
			);
			inputFileListPaths = (
				"${PODS_ROOT}/Target Support Files/Pods-迷你微博/Pods-迷你微博-frameworks-${CONFIGURATION}-input-files.xcfilelist",
			);
			name = "[CP] Embed Pods Frameworks";
			outputFileListPaths = (
				"${PODS_ROOT}/Target Support Files/Pods-迷你微博/Pods-迷你微博-frameworks-${CONFIGURATION}-output-files.xcfilelist",
			);
			runOnlyForDeploymentPostprocessing = 0;
			shellPath = /bin/sh;
			shellScript = "\"${PODS_ROOT}/Target Support Files/Pods-迷你微博/Pods-迷你微博-frameworks.sh\"\n";
			showEnvVarsInLog = 0;
		};
		EB83C0F1E9A55F10FB1B905C /* [CP] Check Pods Manifest.lock */ = {
			isa = PBXShellScriptBuildPhase;
			buildActionMask = 2147483647;
			files = (
			);
			inputFileListPaths = (
			);
			inputPaths = (
				"${PODS_PODFILE_DIR_PATH}/Podfile.lock",
				"${PODS_ROOT}/Manifest.lock",
			);
			name = "[CP] Check Pods Manifest.lock";
			outputFileListPaths = (
			);
			outputPaths = (
				"$(DERIVED_FILE_DIR)/Pods-迷你微博Tests-checkManifestLockResult.txt",
			);
			runOnlyForDeploymentPostprocessing = 0;
			shellPath = /bin/sh;
			shellScript = "diff \"${PODS_PODFILE_DIR_PATH}/Podfile.lock\" \"${PODS_ROOT}/Manifest.lock\" > /dev/null\nif [ $? != 0 ] ; then\n    # print error to STDERR\n    echo \"error: The sandbox is not in sync with the Podfile.lock. Run 'pod install' or update your CocoaPods installation.\" >&2\n    exit 1\nfi\n# This output is used by Xcode 'outputs' to avoid re-running this script phase.\necho \"SUCCESS\" > \"${SCRIPT_OUTPUT_FILE_0}\"\n";
			showEnvVarsInLog = 0;
		};
		FB27069BDBD78BE405CFCD40 /* [CP] Embed Pods Frameworks */ = {
			isa = PBXShellScriptBuildPhase;
			buildActionMask = 2147483647;
			files = (
			);
			inputFileListPaths = (
				"${PODS_ROOT}/Target Support Files/Pods-迷你微博-迷你微博UITests/Pods-迷你微博-迷你微博UITests-frameworks-${CONFIGURATION}-input-files.xcfilelist",
			);
			name = "[CP] Embed Pods Frameworks";
			outputFileListPaths = (
				"${PODS_ROOT}/Target Support Files/Pods-迷你微博-迷你微博UITests/Pods-迷你微博-迷你微博UITests-frameworks-${CONFIGURATION}-output-files.xcfilelist",
			);
			runOnlyForDeploymentPostprocessing = 0;
			shellPath = /bin/sh;
			shellScript = "\"${PODS_ROOT}/Target Support Files/Pods-迷你微博-迷你微博UITests/Pods-迷你微博-迷你微博UITests-frameworks.sh\"\n";
			showEnvVarsInLog = 0;
		};
/* End PBXShellScriptBuildPhase section */

/* Begin PBXSourcesBuildPhase section */
		BF0A868D2A0A6CDC00FD4EB2 /* Sources */ = {
			isa = PBXSourcesBuildPhase;
			buildActionMask = 2147483647;
			files = (
				BF4FA42C2A0D55A5007098E1 /* HomePageTableViewController.m in Sources */,
				BFE880112A0F70EB000676EF /* WeiboSender.m in Sources */,
				BF0A869C2A0A6CDC00FD4EB2 /* ViewController.m in Sources */,
				BF4FA4142A0D13A4007098E1 /* testviewcontroller.m in Sources */,
				BF0A86962A0A6CDC00FD4EB2 /* AppDelegate.m in Sources */,
				BFA3B5DC2A152219008E23E4 /* WeiboDetailViewManager.m in Sources */,
				BF0A86A72A0A6CDD00FD4EB2 /* main.m in Sources */,
				BFA3B5CD2A1465DB008E23E4 /* ShoucangManager.m in Sources */,
				BF0A86E02A0A9E4B00FD4EB2 /* rootViewController.m in Sources */,
				BFA3B5D02A146DEF008E23E4 /* HistoryTableViewController.m in Sources */,
				BFE880152A0F7C6C000676EF /* weiboSenderViewController.m in Sources */,
				BF4FA4112A0D11DE007098E1 /* WeiboAPIManager.m in Sources */,
				BFA3B5C02A13A66E008E23E4 /* HistoryManager.m in Sources */,
				BF0A86E62A0AB74800FD4EB2 /* ScrollableWithTitleViewController.m in Sources */,
				BF4FA4292A0D4BAE007098E1 /* WeiboHomePageManager.m in Sources */,
				BFA3B5D32A146E03008E23E4 /* ShoucangTableViewController.m in Sources */,
				BF4FA40A2A0CB684007098E1 /* AccessToken.m in Sources */,
				BFA3B5BB2A120F88008E23E4 /* MyWeiboViewManager.m in Sources */,
				BFB053532A0DE01D00AC5DA1 /* HomePageTableViewCell.m in Sources */,
				BFE880202A101139000676EF /* WeiboWebViewController.m in Sources */,
				BF4FA4262A0D43E8007098E1 /* ImageLoader.m in Sources */,
				BFE880182A0FBB58000676EF /* CostomScrollViewBar.m in Sources */,
				BFA3B5D92A1517FA008E23E4 /* WeiboDetailViewController.m in Sources */,
				BF0A86992A0A6CDC00FD4EB2 /* SceneDelegate.m in Sources */,
				BF0A86E92A0AB78200FD4EB2 /* CostomScrollView.m in Sources */,
				BF4FA41A2A0D24DB007098E1 /* WeiboOAuthViewController.m in Sources */,
				BFA3B5B82A120F3F008E23E4 /* MyWeiboViewController.m in Sources */,
			);
			runOnlyForDeploymentPostprocessing = 0;
		};
		BF0A86A82A0A6CDD00FD4EB2 /* Sources */ = {
			isa = PBXSourcesBuildPhase;
			buildActionMask = 2147483647;
			files = (
				BF0A86B12A0A6CDD00FD4EB2 /* ____Tests.m in Sources */,
			);
			runOnlyForDeploymentPostprocessing = 0;
		};
		BF0A86B22A0A6CDD00FD4EB2 /* Sources */ = {
			isa = PBXSourcesBuildPhase;
			buildActionMask = 2147483647;
			files = (
				BF0A86BD2A0A6CDD00FD4EB2 /* ____UITestsLaunchTests.m in Sources */,
				BF0A86BB2A0A6CDD00FD4EB2 /* ____UITests.m in Sources */,
			);
			runOnlyForDeploymentPostprocessing = 0;
		};
/* End PBXSourcesBuildPhase section */

/* Begin PBXTargetDependency section */
		BF0A86AE2A0A6CDD00FD4EB2 /* PBXTargetDependency */ = {
			isa = PBXTargetDependency;
			target = BF0A86902A0A6CDC00FD4EB2 /* 迷你微博 */;
			targetProxy = BF0A86AD2A0A6CDD00FD4EB2 /* PBXContainerItemProxy */;
		};
		BF0A86B82A0A6CDD00FD4EB2 /* PBXTargetDependency */ = {
			isa = PBXTargetDependency;
			target = BF0A86902A0A6CDC00FD4EB2 /* 迷你微博 */;
			targetProxy = BF0A86B72A0A6CDD00FD4EB2 /* PBXContainerItemProxy */;
		};
/* End PBXTargetDependency section */

/* Begin PBXVariantGroup section */
		BF0A869D2A0A6CDC00FD4EB2 /* Main.storyboard */ = {
			isa = PBXVariantGroup;
			children = (
				BF0A869E2A0A6CDC00FD4EB2 /* Base */,
			);
			name = Main.storyboard;
			sourceTree = "<group>";
		};
		BF0A86A22A0A6CDD00FD4EB2 /* LaunchScreen.storyboard */ = {
			isa = PBXVariantGroup;
			children = (
				BF0A86A32A0A6CDD00FD4EB2 /* Base */,
			);
			name = LaunchScreen.storyboard;
			sourceTree = "<group>";
		};
/* End PBXVariantGroup section */

/* Begin XCBuildConfiguration section */
		BF0A86BE2A0A6CDD00FD4EB2 /* Debug */ = {
			isa = XCBuildConfiguration;
			buildSettings = {
				ALWAYS_SEARCH_USER_PATHS = NO;
				CLANG_ANALYZER_NONNULL = YES;
				CLANG_ANALYZER_NUMBER_OBJECT_CONVERSION = YES_AGGRESSIVE;
				CLANG_CXX_LANGUAGE_STANDARD = "gnu++20";
				CLANG_ENABLE_MODULES = YES;
				CLANG_ENABLE_OBJC_ARC = YES;
				CLANG_ENABLE_OBJC_WEAK = YES;
				CLANG_WARN_BLOCK_CAPTURE_AUTORELEASING = YES;
				CLANG_WARN_BOOL_CONVERSION = YES;
				CLANG_WARN_COMMA = YES;
				CLANG_WARN_CONSTANT_CONVERSION = YES;
				CLANG_WARN_DEPRECATED_OBJC_IMPLEMENTATIONS = YES;
				CLANG_WARN_DIRECT_OBJC_ISA_USAGE = YES_ERROR;
				CLANG_WARN_DOCUMENTATION_COMMENTS = YES;
				CLANG_WARN_EMPTY_BODY = YES;
				CLANG_WARN_ENUM_CONVERSION = YES;
				CLANG_WARN_INFINITE_RECURSION = YES;
				CLANG_WARN_INT_CONVERSION = YES;
				CLANG_WARN_NON_LITERAL_NULL_CONVERSION = YES;
				CLANG_WARN_OBJC_IMPLICIT_RETAIN_SELF = YES;
				CLANG_WARN_OBJC_LITERAL_CONVERSION = YES;
				CLANG_WARN_OBJC_ROOT_CLASS = YES_ERROR;
				CLANG_WARN_QUOTED_INCLUDE_IN_FRAMEWORK_HEADER = YES;
				CLANG_WARN_RANGE_LOOP_ANALYSIS = YES;
				CLANG_WARN_STRICT_PROTOTYPES = YES;
				CLANG_WARN_SUSPICIOUS_MOVE = YES;
				CLANG_WARN_UNGUARDED_AVAILABILITY = YES_AGGRESSIVE;
				CLANG_WARN_UNREACHABLE_CODE = YES;
				CLANG_WARN__DUPLICATE_METHOD_MATCH = YES;
				COPY_PHASE_STRIP = NO;
				DEBUG_INFORMATION_FORMAT = dwarf;
				ENABLE_STRICT_OBJC_MSGSEND = YES;
				ENABLE_TESTABILITY = YES;
				GCC_C_LANGUAGE_STANDARD = gnu11;
				GCC_DYNAMIC_NO_PIC = NO;
				GCC_NO_COMMON_BLOCKS = YES;
				GCC_OPTIMIZATION_LEVEL = 0;
				GCC_PREPROCESSOR_DEFINITIONS = (
					"DEBUG=1",
					"$(inherited)",
				);
				GCC_WARN_64_TO_32_BIT_CONVERSION = YES;
				GCC_WARN_ABOUT_RETURN_TYPE = YES_ERROR;
				GCC_WARN_UNDECLARED_SELECTOR = YES;
				GCC_WARN_UNINITIALIZED_AUTOS = YES_AGGRESSIVE;
				GCC_WARN_UNUSED_FUNCTION = YES;
				GCC_WARN_UNUSED_VARIABLE = YES;
				IPHONEOS_DEPLOYMENT_TARGET = 16.2;
				MTL_ENABLE_DEBUG_INFO = INCLUDE_SOURCE;
				MTL_FAST_MATH = YES;
				ONLY_ACTIVE_ARCH = YES;
				SDKROOT = iphoneos;
			};
			name = Debug;
		};
		BF0A86BF2A0A6CDD00FD4EB2 /* Release */ = {
			isa = XCBuildConfiguration;
			buildSettings = {
				ALWAYS_SEARCH_USER_PATHS = NO;
				CLANG_ANALYZER_NONNULL = YES;
				CLANG_ANALYZER_NUMBER_OBJECT_CONVERSION = YES_AGGRESSIVE;
				CLANG_CXX_LANGUAGE_STANDARD = "gnu++20";
				CLANG_ENABLE_MODULES = YES;
				CLANG_ENABLE_OBJC_ARC = YES;
				CLANG_ENABLE_OBJC_WEAK = YES;
				CLANG_WARN_BLOCK_CAPTURE_AUTORELEASING = YES;
				CLANG_WARN_BOOL_CONVERSION = YES;
				CLANG_WARN_COMMA = YES;
				CLANG_WARN_CONSTANT_CONVERSION = YES;
				CLANG_WARN_DEPRECATED_OBJC_IMPLEMENTATIONS = YES;
				CLANG_WARN_DIRECT_OBJC_ISA_USAGE = YES_ERROR;
				CLANG_WARN_DOCUMENTATION_COMMENTS = YES;
				CLANG_WARN_EMPTY_BODY = YES;
				CLANG_WARN_ENUM_CONVERSION = YES;
				CLANG_WARN_INFINITE_RECURSION = YES;
				CLANG_WARN_INT_CONVERSION = YES;
				CLANG_WARN_NON_LITERAL_NULL_CONVERSION = YES;
				CLANG_WARN_OBJC_IMPLICIT_RETAIN_SELF = YES;
				CLANG_WARN_OBJC_LITERAL_CONVERSION = YES;
				CLANG_WARN_OBJC_ROOT_CLASS = YES_ERROR;
				CLANG_WARN_QUOTED_INCLUDE_IN_FRAMEWORK_HEADER = YES;
				CLANG_WARN_RANGE_LOOP_ANALYSIS = YES;
				CLANG_WARN_STRICT_PROTOTYPES = YES;
				CLANG_WARN_SUSPICIOUS_MOVE = YES;
				CLANG_WARN_UNGUARDED_AVAILABILITY = YES_AGGRESSIVE;
				CLANG_WARN_UNREACHABLE_CODE = YES;
				CLANG_WARN__DUPLICATE_METHOD_MATCH = YES;
				COPY_PHASE_STRIP = NO;
				DEBUG_INFORMATION_FORMAT = "dwarf-with-dsym";
				ENABLE_NS_ASSERTIONS = NO;
				ENABLE_STRICT_OBJC_MSGSEND = YES;
				GCC_C_LANGUAGE_STANDARD = gnu11;
				GCC_NO_COMMON_BLOCKS = YES;
				GCC_WARN_64_TO_32_BIT_CONVERSION = YES;
				GCC_WARN_ABOUT_RETURN_TYPE = YES_ERROR;
				GCC_WARN_UNDECLARED_SELECTOR = YES;
				GCC_WARN_UNINITIALIZED_AUTOS = YES_AGGRESSIVE;
				GCC_WARN_UNUSED_FUNCTION = YES;
				GCC_WARN_UNUSED_VARIABLE = YES;
				IPHONEOS_DEPLOYMENT_TARGET = 16.2;
				MTL_ENABLE_DEBUG_INFO = NO;
				MTL_FAST_MATH = YES;
				SDKROOT = iphoneos;
				VALIDATE_PRODUCT = YES;
			};
			name = Release;
		};
		BF0A86C12A0A6CDD00FD4EB2 /* Debug */ = {
			isa = XCBuildConfiguration;
			baseConfigurationReference = 6F23E3DB2FD30AF5113AC548 /* Pods-迷你微博.debug.xcconfig */;
			buildSettings = {
				ASSETCATALOG_COMPILER_APPICON_NAME = AppIcon;
				ASSETCATALOG_COMPILER_GLOBAL_ACCENT_COLOR_NAME = AccentColor;
				CODE_SIGN_STYLE = Automatic;
				CURRENT_PROJECT_VERSION = 1;
				GENERATE_INFOPLIST_FILE = YES;
				INFOPLIST_FILE = "迷你微博/Info.plist";
				INFOPLIST_KEY_UIApplicationSupportsIndirectInputEvents = YES;
				INFOPLIST_KEY_UILaunchStoryboardName = LaunchScreen;
				INFOPLIST_KEY_UIMainStoryboardFile = Main;
				INFOPLIST_KEY_UISupportedInterfaceOrientations_iPad = "UIInterfaceOrientationPortrait UIInterfaceOrientationPortraitUpsideDown UIInterfaceOrientationLandscapeLeft UIInterfaceOrientationLandscapeRight";
				INFOPLIST_KEY_UISupportedInterfaceOrientations_iPhone = "UIInterfaceOrientationPortrait UIInterfaceOrientationLandscapeLeft UIInterfaceOrientationLandscapeRight";
				LD_RUNPATH_SEARCH_PATHS = (
					"$(inherited)",
					"@executable_path/Frameworks",
				);
				MARKETING_VERSION = 1.0;
				PRODUCT_BUNDLE_IDENTIFIER = com.jimmyczh.jimmy;
				PRODUCT_NAME = "$(TARGET_NAME)";
				SWIFT_EMIT_LOC_STRINGS = YES;
				TARGETED_DEVICE_FAMILY = "1,2";
			};
			name = Debug;
		};
		BF0A86C22A0A6CDD00FD4EB2 /* Release */ = {
			isa = XCBuildConfiguration;
			baseConfigurationReference = D87E97026811E45AF5DBD3A7 /* Pods-迷你微博.release.xcconfig */;
			buildSettings = {
				ASSETCATALOG_COMPILER_APPICON_NAME = AppIcon;
				ASSETCATALOG_COMPILER_GLOBAL_ACCENT_COLOR_NAME = AccentColor;
				CODE_SIGN_STYLE = Automatic;
				CURRENT_PROJECT_VERSION = 1;
				GENERATE_INFOPLIST_FILE = YES;
				INFOPLIST_FILE = "迷你微博/Info.plist";
				INFOPLIST_KEY_UIApplicationSupportsIndirectInputEvents = YES;
				INFOPLIST_KEY_UILaunchStoryboardName = LaunchScreen;
				INFOPLIST_KEY_UIMainStoryboardFile = Main;
				INFOPLIST_KEY_UISupportedInterfaceOrientations_iPad = "UIInterfaceOrientationPortrait UIInterfaceOrientationPortraitUpsideDown UIInterfaceOrientationLandscapeLeft UIInterfaceOrientationLandscapeRight";
				INFOPLIST_KEY_UISupportedInterfaceOrientations_iPhone = "UIInterfaceOrientationPortrait UIInterfaceOrientationLandscapeLeft UIInterfaceOrientationLandscapeRight";
				LD_RUNPATH_SEARCH_PATHS = (
					"$(inherited)",
					"@executable_path/Frameworks",
				);
				MARKETING_VERSION = 1.0;
				PRODUCT_BUNDLE_IDENTIFIER = com.jimmyczh.jimmy;
				PRODUCT_NAME = "$(TARGET_NAME)";
				SWIFT_EMIT_LOC_STRINGS = YES;
				TARGETED_DEVICE_FAMILY = "1,2";
			};
			name = Release;
		};
		BF0A86C42A0A6CDD00FD4EB2 /* Debug */ = {
			isa = XCBuildConfiguration;
			baseConfigurationReference = 6CE944641A58D0BB5D9CA853 /* Pods-迷你微博Tests.debug.xcconfig */;
			buildSettings = {
				BUNDLE_LOADER = "$(TEST_HOST)";
				CODE_SIGN_STYLE = Automatic;
				CURRENT_PROJECT_VERSION = 1;
				GENERATE_INFOPLIST_FILE = YES;
				IPHONEOS_DEPLOYMENT_TARGET = 16.2;
				MARKETING_VERSION = 1.0;
				PRODUCT_BUNDLE_IDENTIFIER = "-.----Tests";
				PRODUCT_NAME = "$(TARGET_NAME)";
				SWIFT_EMIT_LOC_STRINGS = NO;
				TARGETED_DEVICE_FAMILY = "1,2";
				TEST_HOST = "$(BUILT_PRODUCTS_DIR)/迷你微博.app/$(BUNDLE_EXECUTABLE_FOLDER_PATH)/迷你微博";
			};
			name = Debug;
		};
		BF0A86C52A0A6CDD00FD4EB2 /* Release */ = {
			isa = XCBuildConfiguration;
			baseConfigurationReference = CD28CC2C3889428B9F761C43 /* Pods-迷你微博Tests.release.xcconfig */;
			buildSettings = {
				BUNDLE_LOADER = "$(TEST_HOST)";
				CODE_SIGN_STYLE = Automatic;
				CURRENT_PROJECT_VERSION = 1;
				GENERATE_INFOPLIST_FILE = YES;
				IPHONEOS_DEPLOYMENT_TARGET = 16.2;
				MARKETING_VERSION = 1.0;
				PRODUCT_BUNDLE_IDENTIFIER = "-.----Tests";
				PRODUCT_NAME = "$(TARGET_NAME)";
				SWIFT_EMIT_LOC_STRINGS = NO;
				TARGETED_DEVICE_FAMILY = "1,2";
				TEST_HOST = "$(BUILT_PRODUCTS_DIR)/迷你微博.app/$(BUNDLE_EXECUTABLE_FOLDER_PATH)/迷你微博";
			};
			name = Release;
		};
		BF0A86C72A0A6CDD00FD4EB2 /* Debug */ = {
			isa = XCBuildConfiguration;
			baseConfigurationReference = 497EEC9BD65C7CA1446C8B64 /* Pods-迷你微博-迷你微博UITests.debug.xcconfig */;
			buildSettings = {
				CODE_SIGN_STYLE = Automatic;
				CURRENT_PROJECT_VERSION = 1;
				GENERATE_INFOPLIST_FILE = YES;
				MARKETING_VERSION = 1.0;
				PRODUCT_BUNDLE_IDENTIFIER = "-.----UITests";
				PRODUCT_NAME = "$(TARGET_NAME)";
				SWIFT_EMIT_LOC_STRINGS = NO;
				TARGETED_DEVICE_FAMILY = "1,2";
				TEST_TARGET_NAME = "迷你微博";
			};
			name = Debug;
		};
		BF0A86C82A0A6CDD00FD4EB2 /* Release */ = {
			isa = XCBuildConfiguration;
			baseConfigurationReference = 5945BF52B4F422C41285D9E5 /* Pods-迷你微博-迷你微博UITests.release.xcconfig */;
			buildSettings = {
				CODE_SIGN_STYLE = Automatic;
				CURRENT_PROJECT_VERSION = 1;
				GENERATE_INFOPLIST_FILE = YES;
				MARKETING_VERSION = 1.0;
				PRODUCT_BUNDLE_IDENTIFIER = "-.----UITests";
				PRODUCT_NAME = "$(TARGET_NAME)";
				SWIFT_EMIT_LOC_STRINGS = NO;
				TARGETED_DEVICE_FAMILY = "1,2";
				TEST_TARGET_NAME = "迷你微博";
			};
			name = Release;
		};
/* End XCBuildConfiguration section */

/* Begin XCConfigurationList section */
		BF0A868C2A0A6CDC00FD4EB2 /* Build configuration list for PBXProject "迷你微博" */ = {
			isa = XCConfigurationList;
			buildConfigurations = (
				BF0A86BE2A0A6CDD00FD4EB2 /* Debug */,
				BF0A86BF2A0A6CDD00FD4EB2 /* Release */,
			);
			defaultConfigurationIsVisible = 0;
			defaultConfigurationName = Release;
		};
		BF0A86C02A0A6CDD00FD4EB2 /* Build configuration list for PBXNativeTarget "迷你微博" */ = {
			isa = XCConfigurationList;
			buildConfigurations = (
				BF0A86C12A0A6CDD00FD4EB2 /* Debug */,
				BF0A86C22A0A6CDD00FD4EB2 /* Release */,
			);
			defaultConfigurationIsVisible = 0;
			defaultConfigurationName = Release;
		};
		BF0A86C32A0A6CDD00FD4EB2 /* Build configuration list for PBXNativeTarget "迷你微博Tests" */ = {
			isa = XCConfigurationList;
			buildConfigurations = (
				BF0A86C42A0A6CDD00FD4EB2 /* Debug */,
				BF0A86C52A0A6CDD00FD4EB2 /* Release */,
			);
			defaultConfigurationIsVisible = 0;
			defaultConfigurationName = Release;
		};
		BF0A86C62A0A6CDD00FD4EB2 /* Build configuration list for PBXNativeTarget "迷你微博UITests" */ = {
			isa = XCConfigurationList;
			buildConfigurations = (
				BF0A86C72A0A6CDD00FD4EB2 /* Debug */,
				BF0A86C82A0A6CDD00FD4EB2 /* Release */,
			);
			defaultConfigurationIsVisible = 0;
			defaultConfigurationName = Release;
		};
/* End XCConfigurationList section */
	};
	rootObject = BF0A86892A0A6CDC00FD4EB2 /* Project object */;
}
